// !$*UTF8*$!
{
	archiveVersion = 1;
	classes = {
	};
	objectVersion = 50;
	objects = {

/* Begin PBXBuildFile section */
		2C6429F222597CE300285078 /* FriendsTVController.swift in Sources */ = {isa = PBXBuildFile; fileRef = 2C6429F122597CE300285078 /* FriendsTVController.swift */; };
		2C6429F422597D0E00285078 /* GroupsTVController.swift in Sources */ = {isa = PBXBuildFile; fileRef = 2C6429F322597D0D00285078 /* GroupsTVController.swift */; };
		2C6429F622597D4100285078 /* GroupsOfGroupsTVController.swift in Sources */ = {isa = PBXBuildFile; fileRef = 2C6429F522597D4100285078 /* GroupsOfGroupsTVController.swift */; };
		2C6429F822597D7C00285078 /* PhotosOfFriendsCVController.swift in Sources */ = {isa = PBXBuildFile; fileRef = 2C6429F722597D7C00285078 /* PhotosOfFriendsCVController.swift */; };
		2C65198E22514BFB00D65F77 /* AppDelegate.swift in Sources */ = {isa = PBXBuildFile; fileRef = 2C65198D22514BFB00D65F77 /* AppDelegate.swift */; };
		2C65199322514BFB00D65F77 /* Main.storyboard in Resources */ = {isa = PBXBuildFile; fileRef = 2C65199122514BFB00D65F77 /* Main.storyboard */; };
		2C65199522514BFF00D65F77 /* Assets.xcassets in Resources */ = {isa = PBXBuildFile; fileRef = 2C65199422514BFF00D65F77 /* Assets.xcassets */; };
		2C65199822514BFF00D65F77 /* LaunchScreen.storyboard in Resources */ = {isa = PBXBuildFile; fileRef = 2C65199622514BFF00D65F77 /* LaunchScreen.storyboard */; };
		2C6519A22251542000D65F77 /* LoginScreenController.swift in Sources */ = {isa = PBXBuildFile; fileRef = 2C6519A12251542000D65F77 /* LoginScreenController.swift */; };
/* End PBXBuildFile section */

/* Begin PBXFileReference section */
		2C6429F122597CE300285078 /* FriendsTVController.swift */ = {isa = PBXFileReference; lastKnownFileType = sourcecode.swift; path = FriendsTVController.swift; sourceTree = "<group>"; };
		2C6429F322597D0D00285078 /* GroupsTVController.swift */ = {isa = PBXFileReference; lastKnownFileType = sourcecode.swift; path = GroupsTVController.swift; sourceTree = "<group>"; };
		2C6429F522597D4100285078 /* GroupsOfGroupsTVController.swift */ = {isa = PBXFileReference; lastKnownFileType = sourcecode.swift; path = GroupsOfGroupsTVController.swift; sourceTree = "<group>"; };
		2C6429F722597D7C00285078 /* PhotosOfFriendsCVController.swift */ = {isa = PBXFileReference; lastKnownFileType = sourcecode.swift; path = PhotosOfFriendsCVController.swift; sourceTree = "<group>"; };
		2C65198A22514BFA00D65F77 /* VK_Lite_1.app */ = {isa = PBXFileReference; explicitFileType = wrapper.application; includeInIndex = 0; path = VK_Lite_1.app; sourceTree = BUILT_PRODUCTS_DIR; };
		2C65198D22514BFB00D65F77 /* AppDelegate.swift */ = {isa = PBXFileReference; lastKnownFileType = sourcecode.swift; path = AppDelegate.swift; sourceTree = "<group>"; };
		2C65199222514BFB00D65F77 /* Base */ = {isa = PBXFileReference; lastKnownFileType = file.storyboard; name = Base; path = Base.lproj/Main.storyboard; sourceTree = "<group>"; };
		2C65199422514BFF00D65F77 /* Assets.xcassets */ = {isa = PBXFileReference; lastKnownFileType = folder.assetcatalog; path = Assets.xcassets; sourceTree = "<group>"; };
		2C65199722514BFF00D65F77 /* Base */ = {isa = PBXFileReference; lastKnownFileType = file.storyboard; name = Base; path = Base.lproj/LaunchScreen.storyboard; sourceTree = "<group>"; };
		2C65199922514BFF00D65F77 /* Info.plist */ = {isa = PBXFileReference; lastKnownFileType = text.plist.xml; path = Info.plist; sourceTree = "<group>"; };
		2C6519A12251542000D65F77 /* LoginScreenController.swift */ = {isa = PBXFileReference; lastKnownFileType = sourcecode.swift; path = LoginScreenController.swift; sourceTree = "<group>"; };
/* End PBXFileReference section */

/* Begin PBXFrameworksBuildPhase section */
		2C65198722514BFA00D65F77 /* Frameworks */ = {
			isa = PBXFrameworksBuildPhase;
			buildActionMask = 2147483647;
			files = (
			);
			runOnlyForDeploymentPostprocessing = 0;
		};
/* End PBXFrameworksBuildPhase section */

/* Begin PBXGroup section */
		2C65198122514BFA00D65F77 = {
			isa = PBXGroup;
			children = (
				2C65198C22514BFB00D65F77 /* VK_Lite_1 */,
				2C65198B22514BFA00D65F77 /* Products */,
			);
			sourceTree = "<group>";
		};
		2C65198B22514BFA00D65F77 /* Products */ = {
			isa = PBXGroup;
			children = (
				2C65198A22514BFA00D65F77 /* VK_Lite_1.app */,
			);
			name = Products;
			sourceTree = "<group>";
		};
		2C65198C22514BFB00D65F77 /* VK_Lite_1 */ = {
			isa = PBXGroup;
			children = (
				2C65198D22514BFB00D65F77 /* AppDelegate.swift */,
				2C6519A12251542000D65F77 /* LoginScreenController.swift */,
				2C6429F122597CE300285078 /* FriendsTVController.swift */,
				2C6429F322597D0D00285078 /* GroupsTVController.swift */,
				2C6429F522597D4100285078 /* GroupsOfGroupsTVController.swift */,
				2C6429F722597D7C00285078 /* PhotosOfFriendsCVController.swift */,
				2C65199122514BFB00D65F77 /* Main.storyboard */,
				2C65199422514BFF00D65F77 /* Assets.xcassets */,
				2C65199622514BFF00D65F77 /* LaunchScreen.storyboard */,
				2C65199922514BFF00D65F77 /* Info.plist */,
			);
			path = VK_Lite_1;
			sourceTree = "<group>";
		};
/* End PBXGroup section */

/* Begin PBXNativeTarget section */
		2C65198922514BFA00D65F77 /* VK_Lite_1 */ = {
			isa = PBXNativeTarget;
			buildConfigurationList = 2C65199C22514BFF00D65F77 /* Build configuration list for PBXNativeTarget "VK_Lite_1" */;
			buildPhases = (
				2C65198622514BFA00D65F77 /* Sources */,
				2C65198722514BFA00D65F77 /* Frameworks */,
				2C65198822514BFA00D65F77 /* Resources */,
			);
			buildRules = (
			);
			dependencies = (
			);
			name = VK_Lite_1;
			productName = VK_Lite_1;
			productReference = 2C65198A22514BFA00D65F77 /* VK_Lite_1.app */;
			productType = "com.apple.product-type.application";
		};
/* End PBXNativeTarget section */

/* Begin PBXProject section */
		2C65198222514BFA00D65F77 /* Project object */ = {
			isa = PBXProject;
			attributes = {
				LastSwiftUpdateCheck = 1010;
				LastUpgradeCheck = 1010;
				ORGANIZATIONNAME = Philalex;
				TargetAttributes = {
					2C65198922514BFA00D65F77 = {
						CreatedOnToolsVersion = 10.1;
					};
				};
			};
			buildConfigurationList = 2C65198522514BFA00D65F77 /* Build configuration list for PBXProject "VK_Lite_1" */;
			compatibilityVersion = "Xcode 9.3";
			developmentRegion = en;
			hasScannedForEncodings = 0;
			knownRegions = (
				en,
				Base,
			);
			mainGroup = 2C65198122514BFA00D65F77;
			productRefGroup = 2C65198B22514BFA00D65F77 /* Products */;
			projectDirPath = "";
			projectRoot = "";
			targets = (
				2C65198922514BFA00D65F77 /* VK_Lite_1 */,
			);
		};
/* End PBXProject section */

/* Begin PBXResourcesBuildPhase section */
		2C65198822514BFA00D65F77 /* Resources */ = {
			isa = PBXResourcesBuildPhase;
			buildActionMask = 2147483647;
			files = (
				2C65199822514BFF00D65F77 /* LaunchScreen.storyboard in Resources */,
				2C65199522514BFF00D65F77 /* Assets.xcassets in Resources */,
				2C65199322514BFB00D65F77 /* Main.storyboard in Resources */,
			);
			runOnlyForDeploymentPostprocessing = 0;
		};
/* End PBXResourcesBuildPhase section */

/* Begin PBXSourcesBuildPhase section */
		2C65198622514BFA00D65F77 /* Sources */ = {
			isa = PBXSourcesBuildPhase;
			buildActionMask = 2147483647;
			files = (
				2C6429F822597D7C00285078 /* PhotosOfFriendsCVController.swift in Sources */,
				2C65198E22514BFB00D65F77 /* AppDelegate.swift in Sources */,
				2C6429F422597D0E00285078 /* GroupsTVController.swift in Sources */,
				2C6519A22251542000D65F77 /* LoginScreenController.swift in Sources */,
				2C6429F222597CE300285078 /* FriendsTVController.swift in Sources */,
				2C6429F622597D4100285078 /* GroupsOfGroupsTVController.swift in Sources */,
			);
			runOnlyForDeploymentPostprocessing = 0;
		};
/* End PBXSourcesBuildPhase section */

/* Begin PBXVariantGroup section */
		2C65199122514BFB00D65F77 /* Main.storyboard */ = {
			isa = PBXVariantGroup;
			children = (
				2C65199222514BFB00D65F77 /* Base */,
			);
			name = Main.storyboard;
			sourceTree = "<group>";
		};
		2C65199622514BFF00D65F77 /* LaunchScreen.storyboard */ = {
			isa = PBXVariantGroup;
			children = (
				2C65199722514BFF00D65F77 /* Base */,
			);
			name = LaunchScreen.storyboard;
			sourceTree = "<group>";
		};
/* End PBXVariantGroup section */

/* Begin XCBuildConfiguration section */
		2C65199A22514BFF00D65F77 /* Debug */ = {
			isa = XCBuildConfiguration;
			buildSettings = {
				ALWAYS_SEARCH_USER_PATHS = NO;
				CLANG_ANALYZER_NONNULL = YES;
				CLANG_ANALYZER_NUMBER_OBJECT_CONVERSION = YES_AGGRESSIVE;
				CLANG_CXX_LANGUAGE_STANDARD = "gnu++14";
				CLANG_CXX_LIBRARY = "libc++";
				CLANG_ENABLE_MODULES = YES;
				CLANG_ENABLE_OBJC_ARC = YES;
				CLANG_ENABLE_OBJC_WEAK = YES;
				CLANG_WARN_BLOCK_CAPTURE_AUTORELEASING = YES;
				CLANG_WARN_BOOL_CONVERSION = YES;
				CLANG_WARN_COMMA = YES;
				CLANG_WARN_CONSTANT_CONVERSION = YES;
				CLANG_WARN_DEPRECATED_OBJC_IMPLEMENTATIONS = YES;
				CLANG_WARN_DIRECT_OBJC_ISA_USAGE = YES_ERROR;
				CLANG_WARN_DOCUMENTATION_COMMENTS = YES;
				CLANG_WARN_EMPTY_BODY = YES;
				CLANG_WARN_ENUM_CONVERSION = YES;
				CLANG_WARN_INFINITE_RECURSION = YES;
				CLANG_WARN_INT_CONVERSION = YES;
				CLANG_WARN_NON_LITERAL_NULL_CONVERSION = YES;
				CLANG_WARN_OBJC_IMPLICIT_RETAIN_SELF = YES;
				CLANG_WARN_OBJC_LITERAL_CONVERSION = YES;
				CLANG_WARN_OBJC_ROOT_CLASS = YES_ERROR;
				CLANG_WARN_RANGE_LOOP_ANALYSIS = YES;
				CLANG_WARN_STRICT_PROTOTYPES = YES;
				CLANG_WARN_SUSPICIOUS_MOVE = YES;
				CLANG_WARN_UNGUARDED_AVAILABILITY = YES_AGGRESSIVE;
				CLANG_WARN_UNREACHABLE_CODE = YES;
				CLANG_WARN__DUPLICATE_METHOD_MATCH = YES;
				CODE_SIGN_IDENTITY = "iPhone Developer";
				COPY_PHASE_STRIP = NO;
				DEBUG_INFORMATION_FORMAT = dwarf;
				ENABLE_STRICT_OBJC_MSGSEND = YES;
				ENABLE_TESTABILITY = YES;
				GCC_C_LANGUAGE_STANDARD = gnu11;
				GCC_DYNAMIC_NO_PIC = NO;
				GCC_NO_COMMON_BLOCKS = YES;
				GCC_OPTIMIZATION_LEVEL = 0;
				GCC_PREPROCESSOR_DEFINITIONS = (
					"DEBUG=1",
					"$(inherited)",
				);
				GCC_WARN_64_TO_32_BIT_CONVERSION = YES;
				GCC_WARN_ABOUT_RETURN_TYPE = YES_ERROR;
				GCC_WARN_UNDECLARED_SELECTOR = YES;
				GCC_WARN_UNINITIALIZED_AUTOS = YES_AGGRESSIVE;
				GCC_WARN_UNUSED_FUNCTION = YES;
				GCC_WARN_UNUSED_VARIABLE = YES;
				IPHONEOS_DEPLOYMENT_TARGET = 12.1;
				MTL_ENABLE_DEBUG_INFO = INCLUDE_SOURCE;
				MTL_FAST_MATH = YES;
				ONLY_ACTIVE_ARCH = YES;
				SDKROOT = iphoneos;
				SWIFT_ACTIVE_COMPILATION_CONDITIONS = DEBUG;
				SWIFT_OPTIMIZATION_LEVEL = "-Onone";
			};
			name = Debug;
		};
		2C65199B22514BFF00D65F77 /* Release */ = {
			isa = XCBuildConfiguration;
			buildSettings = {
				ALWAYS_SEARCH_USER_PATHS = NO;
				CLANG_ANALYZER_NONNULL = YES;
				CLANG_ANALYZER_NUMBER_OBJECT_CONVERSION = YES_AGGRESSIVE;
				CLANG_CXX_LANGUAGE_STANDARD = "gnu++14";
				CLANG_CXX_LIBRARY = "libc++";
				CLANG_ENABLE_MODULES = YES;
				CLANG_ENABLE_OBJC_ARC = YES;
				CLANG_ENABLE_OBJC_WEAK = YES;
				CLANG_WARN_BLOCK_CAPTURE_AUTORELEASING = YES;
				CLANG_WARN_BOOL_CONVERSION = YES;
				CLANG_WARN_COMMA = YES;
				CLANG_WARN_CONSTANT_CONVERSION = YES;
				CLANG_WARN_DEPRECATED_OBJC_IMPLEMENTATIONS = YES;
				CLANG_WARN_DIRECT_OBJC_ISA_USAGE = YES_ERROR;
				CLANG_WARN_DOCUMENTATION_COMMENTS = YES;
				CLANG_WARN_EMPTY_BODY = YES;
				CLANG_WARN_ENUM_CONVERSION = YES;
				CLANG_WARN_INFINITE_RECURSION = YES;
				CLANG_WARN_INT_CONVERSION = YES;
				CLANG_WARN_NON_LITERAL_NULL_CONVERSION = YES;
				CLANG_WARN_OBJC_IMPLICIT_RETAIN_SELF = YES;
				CLANG_WARN_OBJC_LITERAL_CONVERSION = YES;
				CLANG_WARN_OBJC_ROOT_CLASS = YES_ERROR;
				CLANG_WARN_RANGE_LOOP_ANALYSIS = YES;
				CLANG_WARN_STRICT_PROTOTYPES = YES;
				CLANG_WARN_SUSPICIOUS_MOVE = YES;
				CLANG_WARN_UNGUARDED_AVAILABILITY = YES_AGGRESSIVE;
				CLANG_WARN_UNREACHABLE_CODE = YES;
				CLANG_WARN__DUPLICATE_METHOD_MATCH = YES;
				CODE_SIGN_IDENTITY = "iPhone Developer";
				COPY_PHASE_STRIP = NO;
				DEBUG_INFORMATION_FORMAT = "dwarf-with-dsym";
				ENABLE_NS_ASSERTIONS = NO;
				ENABLE_STRICT_OBJC_MSGSEND = YES;
				GCC_C_LANGUAGE_STANDARD = gnu11;
				GCC_NO_COMMON_BLOCKS = YES;
				GCC_WARN_64_TO_32_BIT_CONVERSION = YES;
				GCC_WARN_ABOUT_RETURN_TYPE = YES_ERROR;
				GCC_WARN_UNDECLARED_SELECTOR = YES;
				GCC_WARN_UNINITIALIZED_AUTOS = YES_AGGRESSIVE;
				GCC_WARN_UNUSED_FUNCTION = YES;
				GCC_WARN_UNUSED_VARIABLE = YES;
				IPHONEOS_DEPLOYMENT_TARGET = 12.1;
				MTL_ENABLE_DEBUG_INFO = NO;
				MTL_FAST_MATH = YES;
				SDKROOT = iphoneos;
				SWIFT_COMPILATION_MODE = wholemodule;
				SWIFT_OPTIMIZATION_LEVEL = "-O";
				VALIDATE_PRODUCT = YES;
			};
			name = Release;
		};
		2C65199D22514BFF00D65F77 /* Debug */ = {
			isa = XCBuildConfiguration;
			buildSettings = {
				ASSETCATALOG_COMPILER_APPICON_NAME = AppIcon;
				CODE_SIGN_STYLE = Automatic;
				DEVELOPMENT_TEAM = K44PL886SA;
				INFOPLIST_FILE = VK_Lite_1/Info.plist;
				LD_RUNPATH_SEARCH_PATHS = (
					"$(inherited)",
					"@executable_path/Frameworks",
				);
				PRODUCT_BUNDLE_IDENTIFIER = "Phialex.VK-Lite-1";
				PRODUCT_NAME = "$(TARGET_NAME)";
				SWIFT_VERSION = 4.2;
				TARGETED_DEVICE_FAMILY = "1,2";
			};
			name = Debug;
		};
		2C65199E22514BFF00D65F77 /* Release */ = {
			isa = XCBuildConfiguration;
			buildSettings = {
				ASSETCATALOG_COMPILER_APPICON_NAME = AppIcon;
				CODE_SIGN_STYLE = Automatic;
				DEVELOPMENT_TEAM = K44PL886SA;
				INFOPLIST_FILE = VK_Lite_1/Info.plist;
				LD_RUNPATH_SEARCH_PATHS = (
					"$(inherited)",
					"@executable_path/Frameworks",
				);
				PRODUCT_BUNDLE_IDENTIFIER = "Phialex.VK-Lite-1";
				PRODUCT_NAME = "$(TARGET_NAME)";
				SWIFT_VERSION = 4.2;
				TARGETED_DEVICE_FAMILY = "1,2";
			};
			name = Release;
		};
/* End XCBuildConfiguration section */

/* Begin XCConfigurationList section */
		2C65198522514BFA00D65F77 /* Build configuration list for PBXProject "VK_Lite_1" */ = {
			isa = XCConfigurationList;
			buildConfigurations = (
				2C65199A22514BFF00D65F77 /* Debug */,
				2C65199B22514BFF00D65F77 /* Release */,
			);
			defaultConfigurationIsVisible = 0;
			defaultConfigurationName = Release;
		};
		2C65199C22514BFF00D65F77 /* Build configuration list for PBXNativeTarget "VK_Lite_1" */ = {
			isa = XCConfigurationList;
			buildConfigurations = (
				2C65199D22514BFF00D65F77 /* Debug */,
				2C65199E22514BFF00D65F77 /* Release */,
			);
			defaultConfigurationIsVisible = 0;
			defaultConfigurationName = Release;
		};
/* End XCConfigurationList section */
	};
	rootObject = 2C65198222514BFA00D65F77 /* Project object */;
}
